
Microsoft Visual Studio Solution File, Format Version 12.00
# Visual Studio 15
VisualStudioVersion = 15.0.28307.645
MinimumVisualStudioVersion = 10.0.40219.1
Project("{9A19103F-16F7-4668-BE54-9A1E7A4F7556}") = "NIBO.Challenge.Infra", "NIBO.Challenge.Infra\NIBO.Challenge.Infra.csproj", "{7D751127-73BC-40A7-8356-7496FF7A7F20}"
EndProject
Project("{9A19103F-16F7-4668-BE54-9A1E7A4F7556}") = "NIBO.Challenge.Web", "NIBO.Challenge.Web\NIBO.Challenge.Web.csproj", "{6AA3BACD-6D51-4EBD-B355-8EA379B637F7}"
EndProject
Project("{9A19103F-16F7-4668-BE54-9A1E7A4F7556}") = "NIBO.Challenge.Service", "NIBO.Challenge.Service\NIBO.Challenge.Service.csproj", "{10D419A9-7103-46D6-B896-897EBA19FD61}"
EndProject
Project("{9A19103F-16F7-4668-BE54-9A1E7A4F7556}") = "NIBO.Challenge.Domain", "NIBO.Challenge.Domain\NIBO.Challenge.Domain.csproj", "{EC5ADC1F-8614-4E0E-8CF4-1A7B403BC8D9}"
EndProject
Global
	GlobalSection(SolutionConfigurationPlatforms) = preSolution
		Debug|Any CPU = Debug|Any CPU
		Release|Any CPU = Release|Any CPU
	EndGlobalSection
	GlobalSection(ProjectConfigurationPlatforms) = postSolution
		{7D751127-73BC-40A7-8356-7496FF7A7F20}.Debug|Any CPU.ActiveCfg = Debug|Any CPU
		{7D751127-73BC-40A7-8356-7496FF7A7F20}.Debug|Any CPU.Build.0 = Debug|Any CPU
		{7D751127-73BC-40A7-8356-7496FF7A7F20}.Release|Any CPU.ActiveCfg = Release|Any CPU
		{7D751127-73BC-40A7-8356-7496FF7A7F20}.Release|Any CPU.Build.0 = Release|Any CPU
		{6AA3BACD-6D51-4EBD-B355-8EA379B637F7}.Debug|Any CPU.ActiveCfg = Debug|Any CPU
		{6AA3BACD-6D51-4EBD-B355-8EA379B637F7}.Debug|Any CPU.Build.0 = Debug|Any CPU
		{6AA3BACD-6D51-4EBD-B355-8EA379B637F7}.Release|Any CPU.ActiveCfg = Release|Any CPU
		{6AA3BACD-6D51-4EBD-B355-8EA379B637F7}.Release|Any CPU.Build.0 = Release|Any CPU
		{10D419A9-7103-46D6-B896-897EBA19FD61}.Debug|Any CPU.ActiveCfg = Debug|Any CPU
		{10D419A9-7103-46D6-B896-897EBA19FD61}.Debug|Any CPU.Build.0 = Debug|Any CPU
		{10D419A9-7103-46D6-B896-897EBA19FD61}.Release|Any CPU.ActiveCfg = Release|Any CPU
		{10D419A9-7103-46D6-B896-897EBA19FD61}.Release|Any CPU.Build.0 = Release|Any CPU
		{EC5ADC1F-8614-4E0E-8CF4-1A7B403BC8D9}.Debug|Any CPU.ActiveCfg = Debug|Any CPU
		{EC5ADC1F-8614-4E0E-8CF4-1A7B403BC8D9}.Debug|Any CPU.Build.0 = Debug|Any CPU
		{EC5ADC1F-8614-4E0E-8CF4-1A7B403BC8D9}.Release|Any CPU.ActiveCfg = Release|Any CPU
		{EC5ADC1F-8614-4E0E-8CF4-1A7B403BC8D9}.Release|Any CPU.Build.0 = Release|Any CPU
	EndGlobalSection
	GlobalSection(SolutionProperties) = preSolution
		HideSolutionNode = FALSE
	EndGlobalSection
	GlobalSection(ExtensibilityGlobals) = postSolution
		SolutionGuid = {21808B68-405F-465A-9B1E-A098191E7B34}
	EndGlobalSection
EndGlobal
